// !$*UTF8*$!
{
	archiveVersion = 1;
	classes = {
	};
	objectVersion = 48;
	objects = {

/* Begin PBXBuildFile section */
		37124AA31FA8D8000099F3C5 /* Extensions.swift in Sources */ = {isa = PBXBuildFile; fileRef = 37124AA21FA8D8000099F3C5 /* Extensions.swift */; };
		37124AA51FA8D8100099F3C5 /* MenuCollectionViewCell.swift in Sources */ = {isa = PBXBuildFile; fileRef = 37124AA41FA8D8100099F3C5 /* MenuCollectionViewCell.swift */; };
		37F149E91FA7BFB900200264 /* AppDelegate.swift in Sources */ = {isa = PBXBuildFile; fileRef = 37F149E81FA7BFB900200264 /* AppDelegate.swift */; };
		37F149EB1FA7BFB900200264 /* HomeViewController.swift in Sources */ = {isa = PBXBuildFile; fileRef = 37F149EA1FA7BFB900200264 /* HomeViewController.swift */; };
		37F149EE1FA7BFB900200264 /* Main.storyboard in Resources */ = {isa = PBXBuildFile; fileRef = 37F149EC1FA7BFB900200264 /* Main.storyboard */; };
		37F149F01FA7BFB900200264 /* Assets.xcassets in Resources */ = {isa = PBXBuildFile; fileRef = 37F149EF1FA7BFB900200264 /* Assets.xcassets */; };
		37F149F31FA7BFB900200264 /* LaunchScreen.storyboard in Resources */ = {isa = PBXBuildFile; fileRef = 37F149F11FA7BFB900200264 /* LaunchScreen.storyboard */; };
		37F149FB1FA7E0CB00200264 /* HomeViewControllerCell.swift in Sources */ = {isa = PBXBuildFile; fileRef = 37F149FA1FA7E0CB00200264 /* HomeViewControllerCell.swift */; };
		37F14A011FA8BC1400200264 /* MenuBar.swift in Sources */ = {isa = PBXBuildFile; fileRef = 37F14A001FA8BC1400200264 /* MenuBar.swift */; };
/* End PBXBuildFile section */

/* Begin PBXFileReference section */
		37124AA21FA8D8000099F3C5 /* Extensions.swift */ = {isa = PBXFileReference; fileEncoding = 4; lastKnownFileType = sourcecode.swift; path = Extensions.swift; sourceTree = "<group>"; };
		37124AA41FA8D8100099F3C5 /* MenuCollectionViewCell.swift */ = {isa = PBXFileReference; fileEncoding = 4; lastKnownFileType = sourcecode.swift; path = MenuCollectionViewCell.swift; sourceTree = "<group>"; };
		37F149E51FA7BFB900200264 /* YouTube.app */ = {isa = PBXFileReference; explicitFileType = wrapper.application; includeInIndex = 0; path = YouTube.app; sourceTree = BUILT_PRODUCTS_DIR; };
		37F149E81FA7BFB900200264 /* AppDelegate.swift */ = {isa = PBXFileReference; lastKnownFileType = sourcecode.swift; path = AppDelegate.swift; sourceTree = "<group>"; };
		37F149EA1FA7BFB900200264 /* HomeViewController.swift */ = {isa = PBXFileReference; lastKnownFileType = sourcecode.swift; path = HomeViewController.swift; sourceTree = "<group>"; };
		37F149ED1FA7BFB900200264 /* Base */ = {isa = PBXFileReference; lastKnownFileType = file.storyboard; name = Base; path = Base.lproj/Main.storyboard; sourceTree = "<group>"; };
		37F149EF1FA7BFB900200264 /* Assets.xcassets */ = {isa = PBXFileReference; lastKnownFileType = folder.assetcatalog; path = Assets.xcassets; sourceTree = "<group>"; };
		37F149F21FA7BFB900200264 /* Base */ = {isa = PBXFileReference; lastKnownFileType = file.storyboard; name = Base; path = Base.lproj/LaunchScreen.storyboard; sourceTree = "<group>"; };
		37F149F41FA7BFBA00200264 /* Info.plist */ = {isa = PBXFileReference; lastKnownFileType = text.plist.xml; path = Info.plist; sourceTree = "<group>"; };
		37F149FA1FA7E0CB00200264 /* HomeViewControllerCell.swift */ = {isa = PBXFileReference; lastKnownFileType = sourcecode.swift; path = HomeViewControllerCell.swift; sourceTree = "<group>"; };
		37F14A001FA8BC1400200264 /* MenuBar.swift */ = {isa = PBXFileReference; lastKnownFileType = sourcecode.swift; path = MenuBar.swift; sourceTree = "<group>"; };
/* End PBXFileReference section */

/* Begin PBXFrameworksBuildPhase section */
		37F149E21FA7BFB900200264 /* Frameworks */ = {
			isa = PBXFrameworksBuildPhase;
			buildActionMask = 2147483647;
			files = (
			);
			runOnlyForDeploymentPostprocessing = 0;
		};
/* End PBXFrameworksBuildPhase section */

/* Begin PBXGroup section */
		37F149DC1FA7BFB900200264 = {
			isa = PBXGroup;
			children = (
				37F149E71FA7BFB900200264 /* YouTube */,
				37F149E61FA7BFB900200264 /* Products */,
			);
			sourceTree = "<group>";
		};
		37F149E61FA7BFB900200264 /* Products */ = {
			isa = PBXGroup;
			children = (
				37F149E51FA7BFB900200264 /* YouTube.app */,
			);
			name = Products;
			sourceTree = "<group>";
		};
		37F149E71FA7BFB900200264 /* YouTube */ = {
			isa = PBXGroup;
			children = (
				37F149FE1FA8BB5800200264 /* Model */,
				37F149FD1FA8BB3F00200264 /* View */,
				37F149FC1FA8BB2C00200264 /* Controller */,
				37F149FF1FA8BB6300200264 /* Helper */,
				37F149EC1FA7BFB900200264 /* Main.storyboard */,
				37F149EF1FA7BFB900200264 /* Assets.xcassets */,
				37F149F11FA7BFB900200264 /* LaunchScreen.storyboard */,
				37F149F41FA7BFBA00200264 /* Info.plist */,
			);
			path = YouTube;
			sourceTree = "<group>";
		};
		37F149FC1FA8BB2C00200264 /* Controller */ = {
			isa = PBXGroup;
			children = (
				37F149EA1FA7BFB900200264 /* HomeViewController.swift */,
			);
			path = Controller;
			sourceTree = "<group>";
		};
		37F149FD1FA8BB3F00200264 /* View */ = {
			isa = PBXGroup;
			children = (
				37F149FA1FA7E0CB00200264 /* HomeViewControllerCell.swift */,
				37124AA41FA8D8100099F3C5 /* MenuCollectionViewCell.swift */,
				37F14A001FA8BC1400200264 /* MenuBar.swift */,
			);
			path = View;
			sourceTree = "<group>";
		};
		37F149FE1FA8BB5800200264 /* Model */ = {
			isa = PBXGroup;
			children = (
			);
			path = Model;
			sourceTree = "<group>";
		};
		37F149FF1FA8BB6300200264 /* Helper */ = {
			isa = PBXGroup;
			children = (
				37F149E81FA7BFB900200264 /* AppDelegate.swift */,
				37124AA21FA8D8000099F3C5 /* Extensions.swift */,
			);
			path = Helper;
			sourceTree = "<group>";
		};
/* End PBXGroup section */

/* Begin PBXNativeTarget section */
		37F149E41FA7BFB900200264 /* YouTube */ = {
			isa = PBXNativeTarget;
			buildConfigurationList = 37F149F71FA7BFBA00200264 /* Build configuration list for PBXNativeTarget "YouTube" */;
			buildPhases = (
				37F149E11FA7BFB900200264 /* Sources */,
				37F149E21FA7BFB900200264 /* Frameworks */,
				37F149E31FA7BFB900200264 /* Resources */,
			);
			buildRules = (
			);
			dependencies = (
			);
			name = YouTube;
			productName = YouTube;
			productReference = 37F149E51FA7BFB900200264 /* YouTube.app */;
			productType = "com.apple.product-type.application";
		};
/* End PBXNativeTarget section */

/* Begin PBXProject section */
		37F149DD1FA7BFB900200264 /* Project object */ = {
			isa = PBXProject;
			attributes = {
				LastSwiftUpdateCheck = 0900;
				LastUpgradeCheck = 0900;
				ORGANIZATIONNAME = "Wismin Effendi";
				TargetAttributes = {
					37F149E41FA7BFB900200264 = {
						CreatedOnToolsVersion = 9.0.1;
						ProvisioningStyle = Automatic;
					};
				};
			};
			buildConfigurationList = 37F149E01FA7BFB900200264 /* Build configuration list for PBXProject "YouTube" */;
			compatibilityVersion = "Xcode 8.0";
			developmentRegion = en;
			hasScannedForEncodings = 0;
			knownRegions = (
				en,
				Base,
			);
			mainGroup = 37F149DC1FA7BFB900200264;
			productRefGroup = 37F149E61FA7BFB900200264 /* Products */;
			projectDirPath = "";
			projectRoot = "";
			targets = (
				37F149E41FA7BFB900200264 /* YouTube */,
			);
		};
/* End PBXProject section */

/* Begin PBXResourcesBuildPhase section */
		37F149E31FA7BFB900200264 /* Resources */ = {
			isa = PBXResourcesBuildPhase;
			buildActionMask = 2147483647;
			files = (
				37F149F31FA7BFB900200264 /* LaunchScreen.storyboard in Resources */,
				37F149F01FA7BFB900200264 /* Assets.xcassets in Resources */,
				37F149EE1FA7BFB900200264 /* Main.storyboard in Resources */,
			);
			runOnlyForDeploymentPostprocessing = 0;
		};
/* End PBXResourcesBuildPhase section */

/* Begin PBXSourcesBuildPhase section */
		37F149E11FA7BFB900200264 /* Sources */ = {
			isa = PBXSourcesBuildPhase;
			buildActionMask = 2147483647;
			files = (
				37124AA31FA8D8000099F3C5 /* Extensions.swift in Sources */,
				37F149EB1FA7BFB900200264 /* HomeViewController.swift in Sources */,
				37F149E91FA7BFB900200264 /* AppDelegate.swift in Sources */,
				37F14A011FA8BC1400200264 /* MenuBar.swift in Sources */,
				37F149FB1FA7E0CB00200264 /* HomeViewControllerCell.swift in Sources */,
				37124AA51FA8D8100099F3C5 /* MenuCollectionViewCell.swift in Sources */,
			);
			runOnlyForDeploymentPostprocessing = 0;
		};
/* End PBXSourcesBuildPhase section */

/* Begin PBXVariantGroup section */
		37F149EC1FA7BFB900200264 /* Main.storyboard */ = {
			isa = PBXVariantGroup;
			children = (
				37F149ED1FA7BFB900200264 /* Base */,
			);
			name = Main.storyboard;
			sourceTree = "<group>";
		};
		37F149F11FA7BFB900200264 /* LaunchScreen.storyboard */ = {
			isa = PBXVariantGroup;
			children = (
				37F149F21FA7BFB900200264 /* Base */,
			);
			name = LaunchScreen.storyboard;
			sourceTree = "<group>";
		};
/* End PBXVariantGroup section */

/* Begin XCBuildConfiguration section */
		37F149F51FA7BFBA00200264 /* Debug */ = {
			isa = XCBuildConfiguration;
			buildSettings = {
				ALWAYS_SEARCH_USER_PATHS = NO;
				CLANG_ANALYZER_NONNULL = YES;
				CLANG_ANALYZER_NUMBER_OBJECT_CONVERSION = YES_AGGRESSIVE;
				CLANG_CXX_LANGUAGE_STANDARD = "gnu++14";
				CLANG_CXX_LIBRARY = "libc++";
				CLANG_ENABLE_MODULES = YES;
				CLANG_ENABLE_OBJC_ARC = YES;
				CLANG_WARN_BLOCK_CAPTURE_AUTORELEASING = YES;
				CLANG_WARN_BOOL_CONVERSION = YES;
				CLANG_WARN_COMMA = YES;
				CLANG_WARN_CONSTANT_CONVERSION = YES;
				CLANG_WARN_DIRECT_OBJC_ISA_USAGE = YES_ERROR;
				CLANG_WARN_DOCUMENTATION_COMMENTS = YES;
				CLANG_WARN_EMPTY_BODY = YES;
				CLANG_WARN_ENUM_CONVERSION = YES;
				CLANG_WARN_INFINITE_RECURSION = YES;
				CLANG_WARN_INT_CONVERSION = YES;
				CLANG_WARN_NON_LITERAL_NULL_CONVERSION = YES;
				CLANG_WARN_OBJC_LITERAL_CONVERSION = YES;
				CLANG_WARN_OBJC_ROOT_CLASS = YES_ERROR;
				CLANG_WARN_RANGE_LOOP_ANALYSIS = YES;
				CLANG_WARN_STRICT_PROTOTYPES = YES;
				CLANG_WARN_SUSPICIOUS_MOVE = YES;
				CLANG_WARN_UNGUARDED_AVAILABILITY = YES_AGGRESSIVE;
				CLANG_WARN_UNREACHABLE_CODE = YES;
				CLANG_WARN__DUPLICATE_METHOD_MATCH = YES;
				CODE_SIGN_IDENTITY = "iPhone Developer";
				COPY_PHASE_STRIP = NO;
				DEBUG_INFORMATION_FORMAT = dwarf;
				ENABLE_STRICT_OBJC_MSGSEND = YES;
				ENABLE_TESTABILITY = YES;
				GCC_C_LANGUAGE_STANDARD = gnu11;
				GCC_DYNAMIC_NO_PIC = NO;
				GCC_NO_COMMON_BLOCKS = YES;
				GCC_OPTIMIZATION_LEVEL = 0;
				GCC_PREPROCESSOR_DEFINITIONS = (
					"DEBUG=1",
					"$(inherited)",
				);
				GCC_WARN_64_TO_32_BIT_CONVERSION = YES;
				GCC_WARN_ABOUT_RETURN_TYPE = YES_ERROR;
				GCC_WARN_UNDECLARED_SELECTOR = YES;
				GCC_WARN_UNINITIALIZED_AUTOS = YES_AGGRESSIVE;
				GCC_WARN_UNUSED_FUNCTION = YES;
				GCC_WARN_UNUSED_VARIABLE = YES;
				IPHONEOS_DEPLOYMENT_TARGET = 11.0;
				MTL_ENABLE_DEBUG_INFO = YES;
				ONLY_ACTIVE_ARCH = YES;
				SDKROOT = iphoneos;
				SWIFT_ACTIVE_COMPILATION_CONDITIONS = DEBUG;
				SWIFT_OPTIMIZATION_LEVEL = "-Onone";
			};
			name = Debug;
		};
		37F149F61FA7BFBA00200264 /* Release */ = {
			isa = XCBuildConfiguration;
			buildSettings = {
				ALWAYS_SEARCH_USER_PATHS = NO;
				CLANG_ANALYZER_NONNULL = YES;
				CLANG_ANALYZER_NUMBER_OBJECT_CONVERSION = YES_AGGRESSIVE;
				CLANG_CXX_LANGUAGE_STANDARD = "gnu++14";
				CLANG_CXX_LIBRARY = "libc++";
				CLANG_ENABLE_MODULES = YES;
				CLANG_ENABLE_OBJC_ARC = YES;
				CLANG_WARN_BLOCK_CAPTURE_AUTORELEASING = YES;
				CLANG_WARN_BOOL_CONVERSION = YES;
				CLANG_WARN_COMMA = YES;
				CLANG_WARN_CONSTANT_CONVERSION = YES;
				CLANG_WARN_DIRECT_OBJC_ISA_USAGE = YES_ERROR;
				CLANG_WARN_DOCUMENTATION_COMMENTS = YES;
				CLANG_WARN_EMPTY_BODY = YES;
				CLANG_WARN_ENUM_CONVERSION = YES;
				CLANG_WARN_INFINITE_RECURSION = YES;
				CLANG_WARN_INT_CONVERSION = YES;
				CLANG_WARN_NON_LITERAL_NULL_CONVERSION = YES;
				CLANG_WARN_OBJC_LITERAL_CONVERSION = YES;
				CLANG_WARN_OBJC_ROOT_CLASS = YES_ERROR;
				CLANG_WARN_RANGE_LOOP_ANALYSIS = YES;
				CLANG_WARN_STRICT_PROTOTYPES = YES;
				CLANG_WARN_SUSPICIOUS_MOVE = YES;
				CLANG_WARN_UNGUARDED_AVAILABILITY = YES_AGGRESSIVE;
				CLANG_WARN_UNREACHABLE_CODE = YES;
				CLANG_WARN__DUPLICATE_METHOD_MATCH = YES;
				CODE_SIGN_IDENTITY = "iPhone Developer";
				COPY_PHASE_STRIP = NO;
				DEBUG_INFORMATION_FORMAT = "dwarf-with-dsym";
				ENABLE_NS_ASSERTIONS = NO;
				ENABLE_STRICT_OBJC_MSGSEND = YES;
				GCC_C_LANGUAGE_STANDARD = gnu11;
				GCC_NO_COMMON_BLOCKS = YES;
				GCC_WARN_64_TO_32_BIT_CONVERSION = YES;
				GCC_WARN_ABOUT_RETURN_TYPE = YES_ERROR;
				GCC_WARN_UNDECLARED_SELECTOR = YES;
				GCC_WARN_UNINITIALIZED_AUTOS = YES_AGGRESSIVE;
				GCC_WARN_UNUSED_FUNCTION = YES;
				GCC_WARN_UNUSED_VARIABLE = YES;
				IPHONEOS_DEPLOYMENT_TARGET = 11.0;
				MTL_ENABLE_DEBUG_INFO = NO;
				SDKROOT = iphoneos;
				SWIFT_OPTIMIZATION_LEVEL = "-Owholemodule";
				VALIDATE_PRODUCT = YES;
			};
			name = Release;
		};
		37F149F81FA7BFBA00200264 /* Debug */ = {
			isa = XCBuildConfiguration;
			buildSettings = {
				ASSETCATALOG_COMPILER_APPICON_NAME = AppIcon;
				CODE_SIGN_STYLE = Automatic;
				DEVELOPMENT_TEAM = WZFHSP6QD4;
				INFOPLIST_FILE = YouTube/Info.plist;
				LD_RUNPATH_SEARCH_PATHS = "$(inherited) @executable_path/Frameworks";
				PRODUCT_BUNDLE_IDENTIFIER = ninja.cleancoder.practice.YouTube;
				PRODUCT_NAME = "$(TARGET_NAME)";
				SWIFT_VERSION = 4.0;
				TARGETED_DEVICE_FAMILY = "1,2";
			};
			name = Debug;
		};
		37F149F91FA7BFBA00200264 /* Release */ = {
			isa = XCBuildConfiguration;
			buildSettings = {
				ASSETCATALOG_COMPILER_APPICON_NAME = AppIcon;
				CODE_SIGN_STYLE = Automatic;
				DEVELOPMENT_TEAM = WZFHSP6QD4;
				INFOPLIST_FILE = YouTube/Info.plist;
				LD_RUNPATH_SEARCH_PATHS = "$(inherited) @executable_path/Frameworks";
				PRODUCT_BUNDLE_IDENTIFIER = ninja.cleancoder.practice.YouTube;
				PRODUCT_NAME = "$(TARGET_NAME)";
				SWIFT_VERSION = 4.0;
				TARGETED_DEVICE_FAMILY = "1,2";
			};
			name = Release;
		};
/* End XCBuildConfiguration section */

/* Begin XCConfigurationList section */
		37F149E01FA7BFB900200264 /* Build configuration list for PBXProject "YouTube" */ = {
			isa = XCConfigurationList;
			buildConfigurations = (
				37F149F51FA7BFBA00200264 /* Debug */,
				37F149F61FA7BFBA00200264 /* Release */,
			);
			defaultConfigurationIsVisible = 0;
			defaultConfigurationName = Release;
		};
		37F149F71FA7BFBA00200264 /* Build configuration list for PBXNativeTarget "YouTube" */ = {
			isa = XCConfigurationList;
			buildConfigurations = (
				37F149F81FA7BFBA00200264 /* Debug */,
				37F149F91FA7BFBA00200264 /* Release */,
			);
			defaultConfigurationIsVisible = 0;
			defaultConfigurationName = Release;
		};
/* End XCConfigurationList section */
	};
	rootObject = 37F149DD1FA7BFB900200264 /* Project object */;
}
